PODS:
  - Alamofire (5.5.0)
  - Nuke (10.4.1)

DEPENDENCIES:
  - Alamofire (= 5.5.0)
  - Nuke (= 10.4.1)

SPEC REPOS:
  trunk:
    - Alamofire
    - Nuke

SPEC CHECKSUMS:
  Alamofire: 1c4fb5369c3fe93d2857c780d8bbe09f06f97e7c
  Nuke: fa2d83b3ee99bb88eccc62ab6c7590e207b50096

PODFILE CHECKSUM: 7a44d3c90820b7b4165de2016c22a68e10c5a39d

COCOAPODS: 1.11.2
